// !$*UTF8*$!
{
	archiveVersion = 1;
	classes = {};
	objectVersion = 56;
	objects = {
		C1972A7301A1548402009F09 = { isa = PBXFileReference; lastKnownFileType = sourcecode.swift; path = "DestinationPicker.swift"; sourceTree = "<group>"; };
		5A0C32596F92EE22EF50EEB2 = { isa = PBXBuildFile; fileRef = C1972A7301A1548402009F09; };
		63931FD299F9BE01A03628B7 = { isa = PBXFileReference; lastKnownFileType = sourcecode.swift; path = "JourneyAnalyzer.swift"; sourceTree = "<group>"; };
		23CEE458E0B41FD79250184E = { isa = PBXBuildFile; fileRef = 63931FD299F9BE01A03628B7; };
		0A21A9C6C7E581E69333C9FE = { isa = PBXFileReference; lastKnownFileType = sourcecode.swift; path = "Localization.swift"; sourceTree = "<group>"; };
		AF4D11BF0CB4BC7077017CD6 = { isa = PBXBuildFile; fileRef = 0A21A9C6C7E581E69333C9FE; };
		24BD79CB3CC400ACE50F989A = { isa = PBXFileReference; lastKnownFileType = sourcecode.swift; path = "RouteGeometry.swift"; sourceTree = "<group>"; };
		51A00717ABD6D7650513A203 = { isa = PBXBuildFile; fileRef = 24BD79CB3CC400ACE50F989A; };
		52CB81B69E10F45A84E2460D = { isa = PBXFileReference; lastKnownFileType = sourcecode.swift; path = "TripPlanner.swift"; sourceTree = "<group>"; };
		00AB9D16781854CAE2EA2584 = { isa = PBXBuildFile; fileRef = 52CB81B69E10F45A84E2460D; };
		57F8F3E0A7121850314037AA = { isa = PBXFileReference; lastKnownFileType = text.plist.strings; name = "en"; path = "en.lproj/InfoPlist.strings"; sourceTree = "<group>"; };
		4DDE24061C28790C9AF52BB3 = { isa = PBXFileReference; lastKnownFileType = text.plist.strings; name = "zh-Hans"; path = "zh-Hans.lproj/InfoPlist.strings"; sourceTree = "<group>"; };
		86023644932CEB41FC5420F7 = { isa = PBXVariantGroup; children = (57F8F3E0A7121850314037AA,4DDE24061C28790C9AF52BB3,); name = InfoPlist.strings; sourceTree = "<group>"; };
		C47EBE7C804515D8E0AABB73 = { isa = PBXBuildFile; fileRef = 86023644932CEB41FC5420F7; };
		9248ACBC47226A9598CF1ABF = { isa = PBXFileReference; lastKnownFileType = sourcecode.swift; path = "HistoryView.swift"; sourceTree = "<group>"; };
		737C7357860DFF28B8BFED3D = { isa = PBXBuildFile; fileRef = 9248ACBC47226A9598CF1ABF; };
		16C3D4E1D36E3F9627F44346 = { isa = PBXFileReference; lastKnownFileType = sourcecode.swift; path = "HomeView.swift"; sourceTree = "<group>"; };
		95140CBCBF751AA7F548E156 = { isa = PBXBuildFile; fileRef = 16C3D4E1D36E3F9627F44346; };
		24B0E77CE5FAC396016C1CC4 = { isa = PBXFileReference; lastKnownFileType = sourcecode.swift; path = "InsightsView.swift"; sourceTree = "<group>"; };
		D9903147FEB29D72AA8356CC = { isa = PBXBuildFile; fileRef = 24B0E77CE5FAC396016C1CC4; };
		FCE015D4471D76D6B0AB23C4 = { isa = PBXFileReference; lastKnownFileType = sourcecode.swift; path = "LocalAccount.swift"; sourceTree = "<group>"; };
		5CACBBFFBB3319EFD2D52B71 = { isa = PBXBuildFile; fileRef = FCE015D4471D76D6B0AB23C4; };
		2272D18415DF9E2B9DA40D23 = { isa = PBXFileReference; lastKnownFileType = sourcecode.swift; path = "LocationRecorder.swift"; sourceTree = "<group>"; };
		37BEB1A4E4C0C320D29039FF = { isa = PBXBuildFile; fileRef = 2272D18415DF9E2B9DA40D23; };
		1B0C8FAFE1B09544C5912233 = { isa = PBXFileReference; lastKnownFileType = sourcecode.swift; path = "Models.swift"; sourceTree = "<group>"; };
		C28E3B592A560C32484F497E = { isa = PBXBuildFile; fileRef = 1B0C8FAFE1B09544C5912233; };
		9AB610A32F38256B42F4840C = { isa = PBXFileReference; lastKnownFileType = sourcecode.swift; path = "NavigationService.swift"; sourceTree = "<group>"; };
		27A9956665E8F4F6444DC46E = { isa = PBXBuildFile; fileRef = 9AB610A32F38256B42F4840C; };
		70C5FAC6097939F91F576959 = { isa = PBXFileReference; lastKnownFileType = sourcecode.swift; path = "RoadContext.swift"; sourceTree = "<group>"; };
		E40D070BFA1952F3D23726A4 = { isa = PBXBuildFile; fileRef = 70C5FAC6097939F91F576959; };
		7DB089B5A95891593AF4C493 = { isa = PBXFileReference; lastKnownFileType = sourcecode.swift; path = "RouteLabApp.swift"; sourceTree = "<group>"; };
		83D33ABB592FD41F16C58014 = { isa = PBXBuildFile; fileRef = 7DB089B5A95891593AF4C493; };
		FC87D1F7DD763F733D9C11EE = { isa = PBXFileReference; lastKnownFileType = sourcecode.swift; path = "TripMath.swift"; sourceTree = "<group>"; };
		9B5231E390F682F2432206B5 = { isa = PBXBuildFile; fileRef = FC87D1F7DD763F733D9C11EE; };
		EF47AB135CF32F6ECA5EB640 = { isa = PBXFileReference; lastKnownFileType = sourcecode.swift; path = "TripStore.swift"; sourceTree = "<group>"; };
		2C2097B9CFE22790AB148927 = { isa = PBXBuildFile; fileRef = EF47AB135CF32F6ECA5EB640; };
		5B04B2273026590A440D27C9 = { isa = PBXFileReference; lastKnownFileType = folder.assetcatalog; path = "Assets.xcassets"; sourceTree = "<group>"; };
		222F0DBFFE5EB23DCD3FD16F = { isa = PBXBuildFile; fileRef = 5B04B2273026590A440D27C9; };
		28DDF1AF7DBB75E111EE13BE = { isa = PBXFileReference; lastKnownFileType = text.plist.xml; path = "PrivacyInfo.xcprivacy"; sourceTree = "<group>"; };
		ECEEA0346EA710E5EAA22643 = { isa = PBXBuildFile; fileRef = 28DDF1AF7DBB75E111EE13BE; };
		1507F021100E808DBE2FAA00 = { isa = PBXFileReference; lastKnownFileType = text.plist.xml; path = "Info.plist"; sourceTree = "<group>"; };
		38A007151ABE87CC01A5B6E9 = { isa = PBXFileReference; explicitFileType = wrapper.application; includeInIndex = 0; path = RouteLab.app; sourceTree = BUILT_PRODUCTS_DIR; };
		3A2A88DEEFF3D1D23E496597 = { isa = PBXGroup; children = (C1972A7301A1548402009F09,63931FD299F9BE01A03628B7,0A21A9C6C7E581E69333C9FE,24BD79CB3CC400ACE50F989A,52CB81B69E10F45A84E2460D,86023644932CEB41FC5420F7,9248ACBC47226A9598CF1ABF,16C3D4E1D36E3F9627F44346,24B0E77CE5FAC396016C1CC4,FCE015D4471D76D6B0AB23C4,2272D18415DF9E2B9DA40D23,1B0C8FAFE1B09544C5912233,9AB610A32F38256B42F4840C,70C5FAC6097939F91F576959,7DB089B5A95891593AF4C493,FC87D1F7DD763F733D9C11EE,EF47AB135CF32F6ECA5EB640,5B04B2273026590A440D27C9,28DDF1AF7DBB75E111EE13BE,1507F021100E808DBE2FAA00,); path = RouteLab; sourceTree = "<group>"; };
		FBDC4F23F93125BBEEAE800C = { isa = PBXGroup; children = (38A007151ABE87CC01A5B6E9,); name = Products; sourceTree = "<group>"; };
		325F10A6957A34D66CB8C0E4 = { isa = PBXGroup; children = (3A2A88DEEFF3D1D23E496597,FBDC4F23F93125BBEEAE800C,); sourceTree = "<group>"; };
		BCE16DD0260827ECF338C787 = { isa = PBXSourcesBuildPhase; buildActionMask = 2147483647; files = (5A0C32596F92EE22EF50EEB2,23CEE458E0B41FD79250184E,AF4D11BF0CB4BC7077017CD6,51A00717ABD6D7650513A203,00AB9D16781854CAE2EA2584,737C7357860DFF28B8BFED3D,95140CBCBF751AA7F548E156,D9903147FEB29D72AA8356CC,5CACBBFFBB3319EFD2D52B71,37BEB1A4E4C0C320D29039FF,C28E3B592A560C32484F497E,27A9956665E8F4F6444DC46E,E40D070BFA1952F3D23726A4,83D33ABB592FD41F16C58014,9B5231E390F682F2432206B5,2C2097B9CFE22790AB148927,); runOnlyForDeploymentPostprocessing = 0; };
		0189424A5A60FED329FA868E = { isa = PBXResourcesBuildPhase; buildActionMask = 2147483647; files = (C47EBE7C804515D8E0AABB73,222F0DBFFE5EB23DCD3FD16F,ECEEA0346EA710E5EAA22643,); runOnlyForDeploymentPostprocessing = 0; };
		7561BFB015D8F536760CB671 = { isa = PBXFrameworksBuildPhase; buildActionMask = 2147483647; files = (); runOnlyForDeploymentPostprocessing = 0; };
		1C6332C759B35B5B3487F3CD = { isa = XCBuildConfiguration; buildSettings = { ALWAYS_SEARCH_USER_PATHS = NO; CLANG_ENABLE_MODULES = YES; CLANG_ENABLE_OBJC_ARC = YES; IPHONEOS_DEPLOYMENT_TARGET = 17.0; SDKROOT = iphoneos; DEBUG_INFORMATION_FORMAT = dwarf; ENABLE_TESTABILITY = YES; ONLY_ACTIVE_ARCH = YES; SWIFT_ACTIVE_COMPILATION_CONDITIONS = DEBUG; SWIFT_OPTIMIZATION_LEVEL = "-Onone"; }; name = Debug; };
		FAA7255682251B39E2A9E0EE = { isa = XCBuildConfiguration; buildSettings = { ASSETCATALOG_COMPILER_APPICON_NAME = AppIcon; CODE_SIGN_STYLE = Automatic; CURRENT_PROJECT_VERSION = 2; DEVELOPMENT_TEAM = ""; GENERATE_INFOPLIST_FILE = NO; INFOPLIST_FILE = RouteLab/Info.plist; LD_RUNPATH_SEARCH_PATHS = ("$(inherited)","@executable_path/Frameworks",); MARKETING_VERSION = 0.2.0; PRODUCT_BUNDLE_IDENTIFIER = com.example.RouteLab; PRODUCT_NAME = "$(TARGET_NAME)"; SUPPORTED_PLATFORMS = "iphoneos iphonesimulator"; SUPPORTS_MACCATALYST = NO; SWIFT_EMIT_LOC_STRINGS = NO; SWIFT_STRICT_CONCURRENCY = minimal; SWIFT_VERSION = 5.0; TARGETED_DEVICE_FAMILY = 1; ENABLE_PREVIEWS = YES; }; name = Debug; };
		8B7212A5EF49F64ACD4F072A = { isa = XCBuildConfiguration; buildSettings = { ALWAYS_SEARCH_USER_PATHS = NO; CLANG_ENABLE_MODULES = YES; CLANG_ENABLE_OBJC_ARC = YES; IPHONEOS_DEPLOYMENT_TARGET = 17.0; SDKROOT = iphoneos; DEBUG_INFORMATION_FORMAT = "dwarf-with-dsym"; SWIFT_COMPILATION_MODE = wholemodule; SWIFT_OPTIMIZATION_LEVEL = "-O"; }; name = Release; };
		68120FA0DEBB83CCC432450D = { isa = XCBuildConfiguration; buildSettings = { ASSETCATALOG_COMPILER_APPICON_NAME = AppIcon; CODE_SIGN_STYLE = Automatic; CURRENT_PROJECT_VERSION = 2; DEVELOPMENT_TEAM = ""; GENERATE_INFOPLIST_FILE = NO; INFOPLIST_FILE = RouteLab/Info.plist; LD_RUNPATH_SEARCH_PATHS = ("$(inherited)","@executable_path/Frameworks",); MARKETING_VERSION = 0.2.0; PRODUCT_BUNDLE_IDENTIFIER = com.example.RouteLab; PRODUCT_NAME = "$(TARGET_NAME)"; SUPPORTED_PLATFORMS = "iphoneos iphonesimulator"; SUPPORTS_MACCATALYST = NO; SWIFT_EMIT_LOC_STRINGS = NO; SWIFT_STRICT_CONCURRENCY = minimal; SWIFT_VERSION = 5.0; TARGETED_DEVICE_FAMILY = 1; ENABLE_PREVIEWS = YES; }; name = Release; };
		862894B703A6DEDF96A9DD6C = { isa = XCConfigurationList; buildConfigurations = (1C6332C759B35B5B3487F3CD,8B7212A5EF49F64ACD4F072A,); defaultConfigurationIsVisible = 0; defaultConfigurationName = Release; };
		C57128001CE614BF8549D6BB = { isa = XCConfigurationList; buildConfigurations = (FAA7255682251B39E2A9E0EE,68120FA0DEBB83CCC432450D,); defaultConfigurationIsVisible = 0; defaultConfigurationName = Release; };
		0E8A3AD980EC179856012B7E = { isa = PBXNativeTarget; buildConfigurationList = C57128001CE614BF8549D6BB; buildPhases = (BCE16DD0260827ECF338C787,7561BFB015D8F536760CB671,0189424A5A60FED329FA868E,); buildRules = (); dependencies = (); name = RouteLab; productName = RouteLab; productReference = 38A007151ABE87CC01A5B6E9; productType = "com.apple.product-type.application"; };
		98F54143AB4E86B28C3AFEE0 = { isa = PBXProject; attributes = { BuildIndependentTargetsInParallel = YES; LastUpgradeCheck = 1500; TargetAttributes = { 0E8A3AD980EC179856012B7E = { CreatedOnToolsVersion = 15.0; }; }; }; buildConfigurationList = 862894B703A6DEDF96A9DD6C; compatibilityVersion = "Xcode 14.0"; developmentRegion = en; hasScannedForEncodings = 0; knownRegions = (en,"zh-Hans",Base,); mainGroup = 325F10A6957A34D66CB8C0E4; productRefGroup = FBDC4F23F93125BBEEAE800C; projectDirPath = ""; projectRoot = ""; targets = (0E8A3AD980EC179856012B7E,); };
	};
	rootObject = 98F54143AB4E86B28C3AFEE0;
}
